
Microsoft Visual Studio Solution File, Format Version 12.00
# Visual Studio Version 17
VisualStudioVersion = 17.10.35013.160
MinimumVisualStudioVersion = 10.0.40219.1
Project("{C9674DCB-5085-4A16-B785-4C70DD1589BD}") = "ETLProyectoBI", "ETLProyectoBI\ETLProyectoBI.dtproj", "{7D6CFB33-8DE3-45BE-B95B-5267AF6A611C}"
EndProject
Global
	GlobalSection(SolutionConfigurationPlatforms) = preSolution
		Development|Default = Development|Default
	EndGlobalSection
	GlobalSection(ProjectConfigurationPlatforms) = postSolution
		{7D6CFB33-8DE3-45BE-B95B-5267AF6A611C}.Development|Default.ActiveCfg = Development
		{7D6CFB33-8DE3-45BE-B95B-5267AF6A611C}.Development|Default.Build.0 = Development
	EndGlobalSection
	GlobalSection(SolutionProperties) = preSolution
		HideSolutionNode = FALSE
	EndGlobalSection
	GlobalSection(ExtensibilityGlobals) = postSolution
		SolutionGuid = {8A6A1F46-BC08-4E00-B1A5-E0A9E3A37BBC}
	EndGlobalSection
EndGlobal
